// !$*UTF8*$!
{
	archiveVersion = 1;
	classes = {
	};
	objectVersion = 46;
	objects = {

/* Begin PBXBuildFile section */
		B714519C1B515EE30044DF3F /* Roboto-Medium.ttf in Resources */ = {isa = PBXBuildFile; fileRef = B71451991B515EE30044DF3F /* Roboto-Medium.ttf */; };
		B714519D1B515EE30044DF3F /* Roboto-Regular.ttf in Resources */ = {isa = PBXBuildFile; fileRef = B714519A1B515EE30044DF3F /* Roboto-Regular.ttf */; };
		B714519E1B515EE30044DF3F /* Roboto-Thin.ttf in Resources */ = {isa = PBXBuildFile; fileRef = B714519B1B515EE30044DF3F /* Roboto-Thin.ttf */; };
		B7545F031B3297270067FAD5 /* ParseConstants.swift in Sources */ = {isa = PBXBuildFile; fileRef = B7545F021B3297270067FAD5 /* ParseConstants.swift */; };
		B7A6AA961B20ADF50089F5D6 /* AppDelegate.swift in Sources */ = {isa = PBXBuildFile; fileRef = B7A6AA951B20ADF50089F5D6 /* AppDelegate.swift */; };
		B7A6AA981B20ADF50089F5D6 /* LoginViewController.swift in Sources */ = {isa = PBXBuildFile; fileRef = B7A6AA971B20ADF50089F5D6 /* LoginViewController.swift */; };
		B7A6AA9B1B20ADF50089F5D6 /* Main.storyboard in Resources */ = {isa = PBXBuildFile; fileRef = B7A6AA991B20ADF50089F5D6 /* Main.storyboard */; };
		B7A6AA9D1B20ADF50089F5D6 /* Images.xcassets in Resources */ = {isa = PBXBuildFile; fileRef = B7A6AA9C1B20ADF50089F5D6 /* Images.xcassets */; };
		B7A6AAA01B20ADF50089F5D6 /* LaunchScreen.xib in Resources */ = {isa = PBXBuildFile; fileRef = B7A6AA9E1B20ADF50089F5D6 /* LaunchScreen.xib */; };
		B7A6AAAC1B20ADF50089F5D6 /* On_the_MapTests.swift in Sources */ = {isa = PBXBuildFile; fileRef = B7A6AAAB1B20ADF50089F5D6 /* On_the_MapTests.swift */; };
		B7A6AAB61B20B4F70089F5D6 /* BackgroundView.swift in Sources */ = {isa = PBXBuildFile; fileRef = B7A6AAB51B20B4F70089F5D6 /* BackgroundView.swift */; };
		B7A6AAB81B20C1720089F5D6 /* LoginButton.swift in Sources */ = {isa = PBXBuildFile; fileRef = B7A6AAB71B20C1720089F5D6 /* LoginButton.swift */; };
		B7C315341B23A63F00B6BFC9 /* UdacityClient.swift in Sources */ = {isa = PBXBuildFile; fileRef = B7C315331B23A63F00B6BFC9 /* UdacityClient.swift */; };
		B7C315361B23A69B00B6BFC9 /* UdacityConstants.swift in Sources */ = {isa = PBXBuildFile; fileRef = B7C315351B23A69B00B6BFC9 /* UdacityConstants.swift */; };
		B7CF3C9D1B2C9D8800EB8E33 /* ClientHelper.swift in Sources */ = {isa = PBXBuildFile; fileRef = B7CF3C9C1B2C9D8800EB8E33 /* ClientHelper.swift */; };
		B7D018BB1B2A264B004CADDC /* StudentLocationsMapView.swift in Sources */ = {isa = PBXBuildFile; fileRef = B7D018BA1B2A264B004CADDC /* StudentLocationsMapView.swift */; };
		B7D11F701B3C3A7100CCF803 /* InformationPostingView.swift in Sources */ = {isa = PBXBuildFile; fileRef = B7D11F6F1B3C3A7100CCF803 /* InformationPostingView.swift */; };
		B7D412771B233F0600DD8527 /* EmailTextField.swift in Sources */ = {isa = PBXBuildFile; fileRef = B7D412761B233F0600DD8527 /* EmailTextField.swift */; };
		B7D412791B23538900DD8527 /* PasswordTextField.swift in Sources */ = {isa = PBXBuildFile; fileRef = B7D412781B23538900DD8527 /* PasswordTextField.swift */; };
		B7F6C0941B3714CA00BA8AA0 /* StudentLocationsTableView.swift in Sources */ = {isa = PBXBuildFile; fileRef = B7F6C0931B3714CA00BA8AA0 /* StudentLocationsTableView.swift */; };
		B7FF2BC31B31B35700C486E6 /* ParseClient.swift in Sources */ = {isa = PBXBuildFile; fileRef = B7FF2BC21B31B35700C486E6 /* ParseClient.swift */; };
		B7FF2BC51B31E13100C486E6 /* StudentInformation.swift in Sources */ = {isa = PBXBuildFile; fileRef = B7FF2BC41B31E13100C486E6 /* StudentInformation.swift */; };
/* End PBXBuildFile section */

/* Begin PBXContainerItemProxy section */
		B7A6AAA61B20ADF50089F5D6 /* PBXContainerItemProxy */ = {
			isa = PBXContainerItemProxy;
			containerPortal = B7A6AA881B20ADF40089F5D6 /* Project object */;
			proxyType = 1;
			remoteGlobalIDString = B7A6AA8F1B20ADF50089F5D6;
			remoteInfo = "On the Map";
		};
/* End PBXContainerItemProxy section */

/* Begin PBXFileReference section */
		B71451991B515EE30044DF3F /* Roboto-Medium.ttf */ = {isa = PBXFileReference; lastKnownFileType = file; path = "Roboto-Medium.ttf"; sourceTree = "<group>"; };
		B714519A1B515EE30044DF3F /* Roboto-Regular.ttf */ = {isa = PBXFileReference; lastKnownFileType = file; path = "Roboto-Regular.ttf"; sourceTree = "<group>"; };
		B714519B1B515EE30044DF3F /* Roboto-Thin.ttf */ = {isa = PBXFileReference; lastKnownFileType = file; path = "Roboto-Thin.ttf"; sourceTree = "<group>"; };
		B7545F021B3297270067FAD5 /* ParseConstants.swift */ = {isa = PBXFileReference; fileEncoding = 4; lastKnownFileType = sourcecode.swift; path = ParseConstants.swift; sourceTree = "<group>"; };
		B7A6AA901B20ADF50089F5D6 /* On the Map.app */ = {isa = PBXFileReference; explicitFileType = wrapper.application; includeInIndex = 0; path = "On the Map.app"; sourceTree = BUILT_PRODUCTS_DIR; };
		B7A6AA941B20ADF50089F5D6 /* Info.plist */ = {isa = PBXFileReference; lastKnownFileType = text.plist.xml; path = Info.plist; sourceTree = "<group>"; };
		B7A6AA951B20ADF50089F5D6 /* AppDelegate.swift */ = {isa = PBXFileReference; lastKnownFileType = sourcecode.swift; path = AppDelegate.swift; sourceTree = "<group>"; };
		B7A6AA971B20ADF50089F5D6 /* LoginViewController.swift */ = {isa = PBXFileReference; lastKnownFileType = sourcecode.swift; path = LoginViewController.swift; sourceTree = "<group>"; };
		B7A6AA9A1B20ADF50089F5D6 /* Base */ = {isa = PBXFileReference; lastKnownFileType = file.storyboard; name = Base; path = Base.lproj/Main.storyboard; sourceTree = "<group>"; };
		B7A6AA9C1B20ADF50089F5D6 /* Images.xcassets */ = {isa = PBXFileReference; lastKnownFileType = folder.assetcatalog; path = Images.xcassets; sourceTree = "<group>"; };
		B7A6AA9F1B20ADF50089F5D6 /* Base */ = {isa = PBXFileReference; lastKnownFileType = file.xib; name = Base; path = Base.lproj/LaunchScreen.xib; sourceTree = "<group>"; };
		B7A6AAA51B20ADF50089F5D6 /* On the MapTests.xctest */ = {isa = PBXFileReference; explicitFileType = wrapper.cfbundle; includeInIndex = 0; path = "On the MapTests.xctest"; sourceTree = BUILT_PRODUCTS_DIR; };
		B7A6AAAA1B20ADF50089F5D6 /* Info.plist */ = {isa = PBXFileReference; lastKnownFileType = text.plist.xml; path = Info.plist; sourceTree = "<group>"; };
		B7A6AAAB1B20ADF50089F5D6 /* On_the_MapTests.swift */ = {isa = PBXFileReference; lastKnownFileType = sourcecode.swift; path = On_the_MapTests.swift; sourceTree = "<group>"; };
		B7A6AAB51B20B4F70089F5D6 /* BackgroundView.swift */ = {isa = PBXFileReference; fileEncoding = 4; lastKnownFileType = sourcecode.swift; path = BackgroundView.swift; sourceTree = "<group>"; };
		B7A6AAB71B20C1720089F5D6 /* LoginButton.swift */ = {isa = PBXFileReference; fileEncoding = 4; lastKnownFileType = sourcecode.swift; path = LoginButton.swift; sourceTree = "<group>"; };
		B7C315331B23A63F00B6BFC9 /* UdacityClient.swift */ = {isa = PBXFileReference; fileEncoding = 4; lastKnownFileType = sourcecode.swift; path = UdacityClient.swift; sourceTree = "<group>"; };
		B7C315351B23A69B00B6BFC9 /* UdacityConstants.swift */ = {isa = PBXFileReference; fileEncoding = 4; lastKnownFileType = sourcecode.swift; path = UdacityConstants.swift; sourceTree = "<group>"; };
		B7CF3C9C1B2C9D8800EB8E33 /* ClientHelper.swift */ = {isa = PBXFileReference; fileEncoding = 4; lastKnownFileType = sourcecode.swift; path = ClientHelper.swift; sourceTree = "<group>"; };
		B7D018BA1B2A264B004CADDC /* StudentLocationsMapView.swift */ = {isa = PBXFileReference; fileEncoding = 4; lastKnownFileType = sourcecode.swift; path = StudentLocationsMapView.swift; sourceTree = "<group>"; };
		B7D11F6F1B3C3A7100CCF803 /* InformationPostingView.swift */ = {isa = PBXFileReference; fileEncoding = 4; lastKnownFileType = sourcecode.swift; path = InformationPostingView.swift; sourceTree = "<group>"; };
		B7D412761B233F0600DD8527 /* EmailTextField.swift */ = {isa = PBXFileReference; fileEncoding = 4; lastKnownFileType = sourcecode.swift; path = EmailTextField.swift; sourceTree = "<group>"; };
		B7D412781B23538900DD8527 /* PasswordTextField.swift */ = {isa = PBXFileReference; fileEncoding = 4; lastKnownFileType = sourcecode.swift; path = PasswordTextField.swift; sourceTree = "<group>"; };
		B7F6C0931B3714CA00BA8AA0 /* StudentLocationsTableView.swift */ = {isa = PBXFileReference; fileEncoding = 4; lastKnownFileType = sourcecode.swift; path = StudentLocationsTableView.swift; sourceTree = "<group>"; };
		B7FF2BC21B31B35700C486E6 /* ParseClient.swift */ = {isa = PBXFileReference; fileEncoding = 4; lastKnownFileType = sourcecode.swift; path = ParseClient.swift; sourceTree = "<group>"; };
		B7FF2BC41B31E13100C486E6 /* StudentInformation.swift */ = {isa = PBXFileReference; fileEncoding = 4; lastKnownFileType = sourcecode.swift; path = StudentInformation.swift; sourceTree = "<group>"; };
/* End PBXFileReference section */

/* Begin PBXFrameworksBuildPhase section */
		B7A6AA8D1B20ADF50089F5D6 /* Frameworks */ = {
			isa = PBXFrameworksBuildPhase;
			buildActionMask = 2147483647;
			files = (
			);
			runOnlyForDeploymentPostprocessing = 0;
		};
		B7A6AAA21B20ADF50089F5D6 /* Frameworks */ = {
			isa = PBXFrameworksBuildPhase;
			buildActionMask = 2147483647;
			files = (
			);
			runOnlyForDeploymentPostprocessing = 0;
		};
/* End PBXFrameworksBuildPhase section */

/* Begin PBXGroup section */
		B7A6AA871B20ADF40089F5D6 = {
			isa = PBXGroup;
			children = (
				B7A6AA921B20ADF50089F5D6 /* On the Map */,
				B7A6AAA81B20ADF50089F5D6 /* On the MapTests */,
				B7A6AA911B20ADF50089F5D6 /* Products */,
			);
			sourceTree = "<group>";
		};
		B7A6AA911B20ADF50089F5D6 /* Products */ = {
			isa = PBXGroup;
			children = (
				B7A6AA901B20ADF50089F5D6 /* On the Map.app */,
				B7A6AAA51B20ADF50089F5D6 /* On the MapTests.xctest */,
			);
			name = Products;
			sourceTree = "<group>";
		};
		B7A6AA921B20ADF50089F5D6 /* On the Map */ = {
			isa = PBXGroup;
			children = (
				B7C315321B23A5A600B6BFC9 /* Model */,
				B7A6AA951B20ADF50089F5D6 /* AppDelegate.swift */,
				B7AD75DA1B2B160100ABC26F /* Controller */,
				B7A6AA991B20ADF50089F5D6 /* Main.storyboard */,
				B7D028EE1B20E1C4007F3CBD /* View */,
				B7A6AA9C1B20ADF50089F5D6 /* Images.xcassets */,
				B7A6AA9E1B20ADF50089F5D6 /* LaunchScreen.xib */,
				B7A6AA931B20ADF50089F5D6 /* Supporting Files */,
			);
			path = "On the Map";
			sourceTree = "<group>";
		};
		B7A6AA931B20ADF50089F5D6 /* Supporting Files */ = {
			isa = PBXGroup;
			children = (
				B71451991B515EE30044DF3F /* Roboto-Medium.ttf */,
				B714519A1B515EE30044DF3F /* Roboto-Regular.ttf */,
				B714519B1B515EE30044DF3F /* Roboto-Thin.ttf */,
				B7A6AA941B20ADF50089F5D6 /* Info.plist */,
			);
			name = "Supporting Files";
			sourceTree = "<group>";
		};
		B7A6AAA81B20ADF50089F5D6 /* On the MapTests */ = {
			isa = PBXGroup;
			children = (
				B7A6AAAB1B20ADF50089F5D6 /* On_the_MapTests.swift */,
				B7A6AAA91B20ADF50089F5D6 /* Supporting Files */,
			);
			path = "On the MapTests";
			sourceTree = "<group>";
		};
		B7A6AAA91B20ADF50089F5D6 /* Supporting Files */ = {
			isa = PBXGroup;
			children = (
				B7A6AAAA1B20ADF50089F5D6 /* Info.plist */,
			);
			name = "Supporting Files";
			sourceTree = "<group>";
		};
		B7AD75DA1B2B160100ABC26F /* Controller */ = {
			isa = PBXGroup;
			children = (
				B7A6AA971B20ADF50089F5D6 /* LoginViewController.swift */,
				B7D018BA1B2A264B004CADDC /* StudentLocationsMapView.swift */,
				B7F6C0931B3714CA00BA8AA0 /* StudentLocationsTableView.swift */,
				B7D11F6F1B3C3A7100CCF803 /* InformationPostingView.swift */,
			);
			name = Controller;
			sourceTree = "<group>";
		};
		B7C315321B23A5A600B6BFC9 /* Model */ = {
			isa = PBXGroup;
			children = (
				B7C315331B23A63F00B6BFC9 /* UdacityClient.swift */,
				B7C315351B23A69B00B6BFC9 /* UdacityConstants.swift */,
				B7CF3C9C1B2C9D8800EB8E33 /* ClientHelper.swift */,
				B7FF2BC21B31B35700C486E6 /* ParseClient.swift */,
				B7545F021B3297270067FAD5 /* ParseConstants.swift */,
				B7FF2BC41B31E13100C486E6 /* StudentInformation.swift */,
			);
			name = Model;
			sourceTree = "<group>";
		};
		B7D028EE1B20E1C4007F3CBD /* View */ = {
			isa = PBXGroup;
			children = (
				B7A6AAB51B20B4F70089F5D6 /* BackgroundView.swift */,
				B7A6AAB71B20C1720089F5D6 /* LoginButton.swift */,
				B7D412761B233F0600DD8527 /* EmailTextField.swift */,
				B7D412781B23538900DD8527 /* PasswordTextField.swift */,
			);
			name = View;
			sourceTree = "<group>";
		};
/* End PBXGroup section */

/* Begin PBXNativeTarget section */
		B7A6AA8F1B20ADF50089F5D6 /* On the Map */ = {
			isa = PBXNativeTarget;
			buildConfigurationList = B7A6AAAF1B20ADF50089F5D6 /* Build configuration list for PBXNativeTarget "On the Map" */;
			buildPhases = (
				B7A6AA8C1B20ADF50089F5D6 /* Sources */,
				B7A6AA8D1B20ADF50089F5D6 /* Frameworks */,
				B7A6AA8E1B20ADF50089F5D6 /* Resources */,
			);
			buildRules = (
			);
			dependencies = (
			);
			name = "On the Map";
			productName = "On the Map";
			productReference = B7A6AA901B20ADF50089F5D6 /* On the Map.app */;
			productType = "com.apple.product-type.application";
		};
		B7A6AAA41B20ADF50089F5D6 /* On the MapTests */ = {
			isa = PBXNativeTarget;
			buildConfigurationList = B7A6AAB21B20ADF50089F5D6 /* Build configuration list for PBXNativeTarget "On the MapTests" */;
			buildPhases = (
				B7A6AAA11B20ADF50089F5D6 /* Sources */,
				B7A6AAA21B20ADF50089F5D6 /* Frameworks */,
				B7A6AAA31B20ADF50089F5D6 /* Resources */,
			);
			buildRules = (
			);
			dependencies = (
				B7A6AAA71B20ADF50089F5D6 /* PBXTargetDependency */,
			);
			name = "On the MapTests";
			productName = "On the MapTests";
			productReference = B7A6AAA51B20ADF50089F5D6 /* On the MapTests.xctest */;
			productType = "com.apple.product-type.bundle.unit-test";
		};
/* End PBXNativeTarget section */

/* Begin PBXProject section */
		B7A6AA881B20ADF40089F5D6 /* Project object */ = {
			isa = PBXProject;
			attributes = {
				LastUpgradeCheck = 0630;
				ORGANIZATIONNAME = "Dimitrios Gravvanis";
				TargetAttributes = {
					B7A6AA8F1B20ADF50089F5D6 = {
						CreatedOnToolsVersion = 6.3.2;
					};
					B7A6AAA41B20ADF50089F5D6 = {
						CreatedOnToolsVersion = 6.3.2;
						TestTargetID = B7A6AA8F1B20ADF50089F5D6;
					};
				};
			};
			buildConfigurationList = B7A6AA8B1B20ADF40089F5D6 /* Build configuration list for PBXProject "On the Map" */;
			compatibilityVersion = "Xcode 3.2";
			developmentRegion = English;
			hasScannedForEncodings = 0;
			knownRegions = (
				en,
				Base,
			);
			mainGroup = B7A6AA871B20ADF40089F5D6;
			productRefGroup = B7A6AA911B20ADF50089F5D6 /* Products */;
			projectDirPath = "";
			projectRoot = "";
			targets = (
				B7A6AA8F1B20ADF50089F5D6 /* On the Map */,
				B7A6AAA41B20ADF50089F5D6 /* On the MapTests */,
			);
		};
/* End PBXProject section */

/* Begin PBXResourcesBuildPhase section */
		B7A6AA8E1B20ADF50089F5D6 /* Resources */ = {
			isa = PBXResourcesBuildPhase;
			buildActionMask = 2147483647;
			files = (
				B714519C1B515EE30044DF3F /* Roboto-Medium.ttf in Resources */,
				B7A6AA9B1B20ADF50089F5D6 /* Main.storyboard in Resources */,
				B714519E1B515EE30044DF3F /* Roboto-Thin.ttf in Resources */,
				B714519D1B515EE30044DF3F /* Roboto-Regular.ttf in Resources */,
				B7A6AAA01B20ADF50089F5D6 /* LaunchScreen.xib in Resources */,
				B7A6AA9D1B20ADF50089F5D6 /* Images.xcassets in Resources */,
			);
			runOnlyForDeploymentPostprocessing = 0;
		};
		B7A6AAA31B20ADF50089F5D6 /* Resources */ = {
			isa = PBXResourcesBuildPhase;
			buildActionMask = 2147483647;
			files = (
			);
			runOnlyForDeploymentPostprocessing = 0;
		};
/* End PBXResourcesBuildPhase section */

/* Begin PBXSourcesBuildPhase section */
		B7A6AA8C1B20ADF50089F5D6 /* Sources */ = {
			isa = PBXSourcesBuildPhase;
			buildActionMask = 2147483647;
			files = (
				B7F6C0941B3714CA00BA8AA0 /* StudentLocationsTableView.swift in Sources */,
				B7A6AAB61B20B4F70089F5D6 /* BackgroundView.swift in Sources */,
				B7C315361B23A69B00B6BFC9 /* UdacityConstants.swift in Sources */,
				B7CF3C9D1B2C9D8800EB8E33 /* ClientHelper.swift in Sources */,
				B7A6AAB81B20C1720089F5D6 /* LoginButton.swift in Sources */,
				B7D412791B23538900DD8527 /* PasswordTextField.swift in Sources */,
				B7D018BB1B2A264B004CADDC /* StudentLocationsMapView.swift in Sources */,
				B7D412771B233F0600DD8527 /* EmailTextField.swift in Sources */,
				B7A6AA981B20ADF50089F5D6 /* LoginViewController.swift in Sources */,
				B7545F031B3297270067FAD5 /* ParseConstants.swift in Sources */,
				B7C315341B23A63F00B6BFC9 /* UdacityClient.swift in Sources */,
				B7A6AA961B20ADF50089F5D6 /* AppDelegate.swift in Sources */,
				B7FF2BC51B31E13100C486E6 /* StudentInformation.swift in Sources */,
				B7FF2BC31B31B35700C486E6 /* ParseClient.swift in Sources */,
				B7D11F701B3C3A7100CCF803 /* InformationPostingView.swift in Sources */,
			);
			runOnlyForDeploymentPostprocessing = 0;
		};
		B7A6AAA11B20ADF50089F5D6 /* Sources */ = {
			isa = PBXSourcesBuildPhase;
			buildActionMask = 2147483647;
			files = (
				B7A6AAAC1B20ADF50089F5D6 /* On_the_MapTests.swift in Sources */,
			);
			runOnlyForDeploymentPostprocessing = 0;
		};
/* End PBXSourcesBuildPhase section */

/* Begin PBXTargetDependency section */
		B7A6AAA71B20ADF50089F5D6 /* PBXTargetDependency */ = {
			isa = PBXTargetDependency;
			target = B7A6AA8F1B20ADF50089F5D6 /* On the Map */;
			targetProxy = B7A6AAA61B20ADF50089F5D6 /* PBXContainerItemProxy */;
		};
/* End PBXTargetDependency section */

/* Begin PBXVariantGroup section */
		B7A6AA991B20ADF50089F5D6 /* Main.storyboard */ = {
			isa = PBXVariantGroup;
			children = (
				B7A6AA9A1B20ADF50089F5D6 /* Base */,
			);
			name = Main.storyboard;
			sourceTree = "<group>";
		};
		B7A6AA9E1B20ADF50089F5D6 /* LaunchScreen.xib */ = {
			isa = PBXVariantGroup;
			children = (
				B7A6AA9F1B20ADF50089F5D6 /* Base */,
			);
			name = LaunchScreen.xib;
			sourceTree = "<group>";
		};
/* End PBXVariantGroup section */

/* Begin XCBuildConfiguration section */
		B7A6AAAD1B20ADF50089F5D6 /* Debug */ = {
			isa = XCBuildConfiguration;
			buildSettings = {
				ALWAYS_SEARCH_USER_PATHS = NO;
				CLANG_CXX_LANGUAGE_STANDARD = "gnu++0x";
				CLANG_CXX_LIBRARY = "libc++";
				CLANG_ENABLE_MODULES = YES;
				CLANG_ENABLE_OBJC_ARC = YES;
				CLANG_WARN_BOOL_CONVERSION = YES;
				CLANG_WARN_CONSTANT_CONVERSION = YES;
				CLANG_WARN_DIRECT_OBJC_ISA_USAGE = YES_ERROR;
				CLANG_WARN_EMPTY_BODY = YES;
				CLANG_WARN_ENUM_CONVERSION = YES;
				CLANG_WARN_INT_CONVERSION = YES;
				CLANG_WARN_OBJC_ROOT_CLASS = YES_ERROR;
				CLANG_WARN_UNREACHABLE_CODE = YES;
				CLANG_WARN__DUPLICATE_METHOD_MATCH = YES;
				"CODE_SIGN_IDENTITY[sdk=iphoneos*]" = "iPhone Developer";
				COPY_PHASE_STRIP = NO;
				DEBUG_INFORMATION_FORMAT = "dwarf-with-dsym";
				ENABLE_STRICT_OBJC_MSGSEND = YES;
				GCC_C_LANGUAGE_STANDARD = gnu99;
				GCC_DYNAMIC_NO_PIC = NO;
				GCC_NO_COMMON_BLOCKS = YES;
				GCC_OPTIMIZATION_LEVEL = 0;
				GCC_PREPROCESSOR_DEFINITIONS = (
					"DEBUG=1",
					"$(inherited)",
				);
				GCC_SYMBOLS_PRIVATE_EXTERN = NO;
				GCC_WARN_64_TO_32_BIT_CONVERSION = YES;
				GCC_WARN_ABOUT_RETURN_TYPE = YES_ERROR;
				GCC_WARN_UNDECLARED_SELECTOR = YES;
				GCC_WARN_UNINITIALIZED_AUTOS = YES_AGGRESSIVE;
				GCC_WARN_UNUSED_FUNCTION = YES;
				GCC_WARN_UNUSED_VARIABLE = YES;
				IPHONEOS_DEPLOYMENT_TARGET = 8.3;
				MTL_ENABLE_DEBUG_INFO = YES;
				ONLY_ACTIVE_ARCH = YES;
				SDKROOT = iphoneos;
				SWIFT_OPTIMIZATION_LEVEL = "-Onone";
			};
			name = Debug;
		};
		B7A6AAAE1B20ADF50089F5D6 /* Release */ = {
			isa = XCBuildConfiguration;
			buildSettings = {
				ALWAYS_SEARCH_USER_PATHS = NO;
				CLANG_CXX_LANGUAGE_STANDARD = "gnu++0x";
				CLANG_CXX_LIBRARY = "libc++";
				CLANG_ENABLE_MODULES = YES;
				CLANG_ENABLE_OBJC_ARC = YES;
				CLANG_WARN_BOOL_CONVERSION = YES;
				CLANG_WARN_CONSTANT_CONVERSION = YES;
				CLANG_WARN_DIRECT_OBJC_ISA_USAGE = YES_ERROR;
				CLANG_WARN_EMPTY_BODY = YES;
				CLANG_WARN_ENUM_CONVERSION = YES;
				CLANG_WARN_INT_CONVERSION = YES;
				CLANG_WARN_OBJC_ROOT_CLASS = YES_ERROR;
				CLANG_WARN_UNREACHABLE_CODE = YES;
				CLANG_WARN__DUPLICATE_METHOD_MATCH = YES;
				"CODE_SIGN_IDENTITY[sdk=iphoneos*]" = "iPhone Developer";
				COPY_PHASE_STRIP = NO;
				DEBUG_INFORMATION_FORMAT = "dwarf-with-dsym";
				ENABLE_NS_ASSERTIONS = NO;
				ENABLE_STRICT_OBJC_MSGSEND = YES;
				GCC_C_LANGUAGE_STANDARD = gnu99;
				GCC_NO_COMMON_BLOCKS = YES;
				GCC_WARN_64_TO_32_BIT_CONVERSION = YES;
				GCC_WARN_ABOUT_RETURN_TYPE = YES_ERROR;
				GCC_WARN_UNDECLARED_SELECTOR = YES;
				GCC_WARN_UNINITIALIZED_AUTOS = YES_AGGRESSIVE;
				GCC_WARN_UNUSED_FUNCTION = YES;
				GCC_WARN_UNUSED_VARIABLE = YES;
				IPHONEOS_DEPLOYMENT_TARGET = 8.3;
				MTL_ENABLE_DEBUG_INFO = NO;
				SDKROOT = iphoneos;
				VALIDATE_PRODUCT = YES;
			};
			name = Release;
		};
		B7A6AAB01B20ADF50089F5D6 /* Debug */ = {
			isa = XCBuildConfiguration;
			buildSettings = {
				ASSETCATALOG_COMPILER_APPICON_NAME = AppIcon;
				INFOPLIST_FILE = "On the Map/Info.plist";
				LD_RUNPATH_SEARCH_PATHS = "$(inherited) @executable_path/Frameworks";
				PRODUCT_NAME = "$(TARGET_NAME)";
			};
			name = Debug;
		};
		B7A6AAB11B20ADF50089F5D6 /* Release */ = {
			isa = XCBuildConfiguration;
			buildSettings = {
				ASSETCATALOG_COMPILER_APPICON_NAME = AppIcon;
				INFOPLIST_FILE = "On the Map/Info.plist";
				LD_RUNPATH_SEARCH_PATHS = "$(inherited) @executable_path/Frameworks";
				PRODUCT_NAME = "$(TARGET_NAME)";
			};
			name = Release;
		};
		B7A6AAB31B20ADF50089F5D6 /* Debug */ = {
			isa = XCBuildConfiguration;
			buildSettings = {
				BUNDLE_LOADER = "$(TEST_HOST)";
				FRAMEWORK_SEARCH_PATHS = (
					"$(SDKROOT)/Developer/Library/Frameworks",
					"$(inherited)",
				);
				GCC_PREPROCESSOR_DEFINITIONS = (
					"DEBUG=1",
					"$(inherited)",
				);
				INFOPLIST_FILE = "On the MapTests/Info.plist";
				LD_RUNPATH_SEARCH_PATHS = "$(inherited) @executable_path/Frameworks @loader_path/Frameworks";
				PRODUCT_NAME = "$(TARGET_NAME)";
				TEST_HOST = "$(BUILT_PRODUCTS_DIR)/On the Map.app/On the Map";
			};
			name = Debug;
		};
		B7A6AAB41B20ADF50089F5D6 /* Release */ = {
			isa = XCBuildConfiguration;
			buildSettings = {
				BUNDLE_LOADER = "$(TEST_HOST)";
				FRAMEWORK_SEARCH_PATHS = (
					"$(SDKROOT)/Developer/Library/Frameworks",
					"$(inherited)",
				);
				INFOPLIST_FILE = "On the MapTests/Info.plist";
				LD_RUNPATH_SEARCH_PATHS = "$(inherited) @executable_path/Frameworks @loader_path/Frameworks";
				PRODUCT_NAME = "$(TARGET_NAME)";
				TEST_HOST = "$(BUILT_PRODUCTS_DIR)/On the Map.app/On the Map";
			};
			name = Release;
		};
/* End XCBuildConfiguration section */

/* Begin XCConfigurationList section */
		B7A6AA8B1B20ADF40089F5D6 /* Build configuration list for PBXProject "On the Map" */ = {
			isa = XCConfigurationList;
			buildConfigurations = (
				B7A6AAAD1B20ADF50089F5D6 /* Debug */,
				B7A6AAAE1B20ADF50089F5D6 /* Release */,
			);
			defaultConfigurationIsVisible = 0;
			defaultConfigurationName = Release;
		};
		B7A6AAAF1B20ADF50089F5D6 /* Build configuration list for PBXNativeTarget "On the Map" */ = {
			isa = XCConfigurationList;
			buildConfigurations = (
				B7A6AAB01B20ADF50089F5D6 /* Debug */,
				B7A6AAB11B20ADF50089F5D6 /* Release */,
			);
			defaultConfigurationIsVisible = 0;
			defaultConfigurationName = Release;
		};
		B7A6AAB21B20ADF50089F5D6 /* Build configuration list for PBXNativeTarget "On the MapTests" */ = {
			isa = XCConfigurationList;
			buildConfigurations = (
				B7A6AAB31B20ADF50089F5D6 /* Debug */,
				B7A6AAB41B20ADF50089F5D6 /* Release */,
			);
			defaultConfigurationIsVisible = 0;
			defaultConfigurationName = Release;
		};
/* End XCConfigurationList section */
	};
	rootObject = B7A6AA881B20ADF40089F5D6 /* Project object */;
}
